
Microsoft Visual Studio Solution File, Format Version 12.00
# Visual Studio Version 17
VisualStudioVersion = 17.0.32112.339
MinimumVisualStudioVersion = 10.0.40219.1
Project("{9A19103F-16F7-4668-BE54-9A1E7A4F7556}") = "InterviewAssessment", "src\InterviewAssessment\InterviewAssessment.csproj", "{8E5FA9EB-50B0-4106-A5E6-A06FCFBDFC73}"
EndProject
Project("{9A19103F-16F7-4668-BE54-9A1E7A4F7556}") = "InterviewAssessment.Test", "test\InterviewAssessment.Test\InterviewAssessment.Test.csproj", "{D3AA330A-BF16-47CF-BA1A-C76D3950207F}"
EndProject
Project("{2150E333-8FDC-42A3-9474-1A3956D46DE8}") = "src", "src", "{003CD177-3929-4205-9981-D4EB115540D1}"
EndProject
Project("{2150E333-8FDC-42A3-9474-1A3956D46DE8}") = "test", "test", "{5C521D13-93E1-4342-BC40-E9AA1001D63C}"
EndProject
Global
	GlobalSection(SolutionConfigurationPlatforms) = preSolution
		Debug|Any CPU = Debug|Any CPU
		Release|Any CPU = Release|Any CPU
	EndGlobalSection
	GlobalSection(ProjectConfigurationPlatforms) = postSolution
		{8E5FA9EB-50B0-4106-A5E6-A06FCFBDFC73}.Debug|Any CPU.ActiveCfg = Debug|Any CPU
		{8E5FA9EB-50B0-4106-A5E6-A06FCFBDFC73}.Debug|Any CPU.Build.0 = Debug|Any CPU
		{8E5FA9EB-50B0-4106-A5E6-A06FCFBDFC73}.Release|Any CPU.ActiveCfg = Release|Any CPU
		{8E5FA9EB-50B0-4106-A5E6-A06FCFBDFC73}.Release|Any CPU.Build.0 = Release|Any CPU
		{D3AA330A-BF16-47CF-BA1A-C76D3950207F}.Debug|Any CPU.ActiveCfg = Debug|Any CPU
		{D3AA330A-BF16-47CF-BA1A-C76D3950207F}.Debug|Any CPU.Build.0 = Debug|Any CPU
		{D3AA330A-BF16-47CF-BA1A-C76D3950207F}.Release|Any CPU.ActiveCfg = Release|Any CPU
		{D3AA330A-BF16-47CF-BA1A-C76D3950207F}.Release|Any CPU.Build.0 = Release|Any CPU
	EndGlobalSection
	GlobalSection(SolutionProperties) = preSolution
		HideSolutionNode = FALSE
	EndGlobalSection
	GlobalSection(NestedProjects) = preSolution
		{8E5FA9EB-50B0-4106-A5E6-A06FCFBDFC73} = {003CD177-3929-4205-9981-D4EB115540D1}
		{D3AA330A-BF16-47CF-BA1A-C76D3950207F} = {5C521D13-93E1-4342-BC40-E9AA1001D63C}
	EndGlobalSection
	GlobalSection(ExtensibilityGlobals) = postSolution
		SolutionGuid = {6F090E73-FEDF-4554-9590-1ED4BC670D23}
	EndGlobalSection
EndGlobal
